
Microsoft Visual Studio Solution File, Format Version 12.00
# Visual Studio Version 16
VisualStudioVersion = 16.0.33801.447
MinimumVisualStudioVersion = 10.0.40219.1
Project("{FAE04EC0-301F-11D3-BF4B-00C04F79EFBC}") = "Etut_Test", "Etut_Test\Etut_Test.csproj", "{730544F5-601C-414C-A2A3-4D731A2C6E20}"
EndProject
Global
	GlobalSection(SolutionConfigurationPlatforms) = preSolution
		Debug|Any CPU = Debug|Any CPU
		Release|Any CPU = Release|Any CPU
	EndGlobalSection
	GlobalSection(ProjectConfigurationPlatforms) = postSolution
		{730544F5-601C-414C-A2A3-4D731A2C6E20}.Debug|Any CPU.ActiveCfg = Debug|Any CPU
		{730544F5-601C-414C-A2A3-4D731A2C6E20}.Debug|Any CPU.Build.0 = Debug|Any CPU
		{730544F5-601C-414C-A2A3-4D731A2C6E20}.Release|Any CPU.ActiveCfg = Release|Any CPU
		{730544F5-601C-414C-A2A3-4D731A2C6E20}.Release|Any CPU.Build.0 = Release|Any CPU
	EndGlobalSection
	GlobalSection(SolutionProperties) = preSolution
		HideSolutionNode = FALSE
	EndGlobalSection
	GlobalSection(ExtensibilityGlobals) = postSolution
		SolutionGuid = {7628A976-771D-4C18-841E-4C794A2CFAC1}
	EndGlobalSection
EndGlobal
